
Microsoft Visual Studio Solution File, Format Version 12.00
# Visual Studio 2010
Project("{2150E333-8FDC-42A3-9474-1A3956D46DE8}") = "Admin", "Admin", "{6394CFF5-CA05-4688-98F0-1D4239B59958}"
EndProject
Project("{2150E333-8FDC-42A3-9474-1A3956D46DE8}") = "Public", "Public", "{A817E7FB-CB51-4026-A997-C4604725B399}"
EndProject
Project("{2150E333-8FDC-42A3-9474-1A3956D46DE8}") = "Infrastructure", "Infrastructure", "{4A5BEECC-CC94-4EAB-85F4-D0A8DE499396}"
EndProject
Project("{2150E333-8FDC-42A3-9474-1A3956D46DE8}") = "UI", "UI", "{90230B74-310D-49A6-B1C9-454F26115CFF}"
EndProject
Project("{2150E333-8FDC-42A3-9474-1A3956D46DE8}") = "Infrastructure", "Infrastructure", "{1194416E-3F0E-454E-86C5-274A8D4729B0}"
EndProject
Project("{2150E333-8FDC-42A3-9474-1A3956D46DE8}") = "UI", "UI", "{3FC73EC0-3AE5-48CE-A684-7414EBA07310}"
EndProject
Project("{2150E333-8FDC-42A3-9474-1A3956D46DE8}") = "Tests", "Tests", "{078CDB8A-2564-426D-B4E1-CCE7F4D93258}"
EndProject
Project("{2150E333-8FDC-42A3-9474-1A3956D46DE8}") = "Tests", "Tests", "{3CA9D781-6E4C-4437-A766-146C59520471}"
EndProject
Project("{FAE04EC0-301F-11D3-BF4B-00C04F79EFBC}") = "AdminPanelUI", "AdminPanelUI\AdminPanelUI.csproj", "{23ABE4BB-D905-4667-B2F4-8B5C2F00CE76}"
EndProject
Project("{FAE04EC0-301F-11D3-BF4B-00C04F79EFBC}") = "InvestMap", "InvestMap\InvestMap.csproj", "{7A66484E-4898-40AF-B7EE-FE5DE6289D6F}"
EndProject
Project("{FAE04EC0-301F-11D3-BF4B-00C04F79EFBC}") = "MongoRepository", "MongoRepository\MongoRepository.csproj", "{FA93445A-088A-4D35-82A5-19DA79B76281}"
EndProject
Project("{FAE04EC0-301F-11D3-BF4B-00C04F79EFBC}") = "Tester", "Tester\Tester.csproj", "{F66BA572-1C99-4616-9D62-AB209E36D5C9}"
EndProject
Project("{FAE04EC0-301F-11D3-BF4B-00C04F79EFBC}") = "BusinessLogic", "BusinessLogic\BusinessLogic.csproj", "{428DB588-80CB-47FF-BDDE-D8739CCCD8EC}"
EndProject
Project("{FAE04EC0-301F-11D3-BF4B-00C04F79EFBC}") = "InvestPortal", "InvestPortal\InvestPortal.csproj", "{24B51895-5956-4669-B874-8FF711DD2905}"
EndProject
Project("{FAE04EC0-301F-11D3-BF4B-00C04F79EFBC}") = "InvestPortalTests", "InvestPortalTests\InvestPortalTests.csproj", "{CC481CDF-5CBB-4C66-BCBC-24B010D199D2}"
EndProject
Project("{2150E333-8FDC-42A3-9474-1A3956D46DE8}") = "Solution Items", "Solution Items", "{6ADE1893-7A2A-49B7-8548-1917B7340B70}"
	ProjectSection(SolutionItems) = preProject
		Diplom.vsmdi = Diplom.vsmdi
		Local.testsettings = Local.testsettings
		TraceAndTestImpact.testsettings = TraceAndTestImpact.testsettings
	EndProjectSection
EndProject
Project("{FAE04EC0-301F-11D3-BF4B-00C04F79EFBC}") = "Invest.Workflow", "Invest.Workflow\Invest.Workflow.csproj", "{EB8FCFF7-5F8E-4A8A-AD1D-76814FF13111}"
EndProject
Project("{FAE04EC0-301F-11D3-BF4B-00C04F79EFBC}") = "Invest.Common", "Invest.Common\Invest.Common.csproj", "{8F5582F4-1EAD-4FE3-990D-36D18FA234D8}"
EndProject
Global
	GlobalSection(TestCaseManagementSettings) = postSolution
		CategoryFile = Diplom.vsmdi
	EndGlobalSection
	GlobalSection(SolutionConfigurationPlatforms) = preSolution
		Debug|Any CPU = Debug|Any CPU
		Debug|Mixed Platforms = Debug|Mixed Platforms
		Debug|x86 = Debug|x86
		Release|Any CPU = Release|Any CPU
		Release|Mixed Platforms = Release|Mixed Platforms
		Release|x86 = Release|x86
	EndGlobalSection
	GlobalSection(ProjectConfigurationPlatforms) = postSolution
		{23ABE4BB-D905-4667-B2F4-8B5C2F00CE76}.Debug|Any CPU.ActiveCfg = Debug|Any CPU
		{23ABE4BB-D905-4667-B2F4-8B5C2F00CE76}.Debug|Any CPU.Build.0 = Debug|Any CPU
		{23ABE4BB-D905-4667-B2F4-8B5C2F00CE76}.Debug|Mixed Platforms.ActiveCfg = Debug|Any CPU
		{23ABE4BB-D905-4667-B2F4-8B5C2F00CE76}.Debug|Mixed Platforms.Build.0 = Debug|Any CPU
		{23ABE4BB-D905-4667-B2F4-8B5C2F00CE76}.Debug|x86.ActiveCfg = Debug|Any CPU
		{23ABE4BB-D905-4667-B2F4-8B5C2F00CE76}.Release|Any CPU.ActiveCfg = Release|Any CPU
		{23ABE4BB-D905-4667-B2F4-8B5C2F00CE76}.Release|Any CPU.Build.0 = Release|Any CPU
		{23ABE4BB-D905-4667-B2F4-8B5C2F00CE76}.Release|Mixed Platforms.ActiveCfg = Release|Any CPU
		{23ABE4BB-D905-4667-B2F4-8B5C2F00CE76}.Release|Mixed Platforms.Build.0 = Release|Any CPU
		{23ABE4BB-D905-4667-B2F4-8B5C2F00CE76}.Release|x86.ActiveCfg = Release|Any CPU
		{7A66484E-4898-40AF-B7EE-FE5DE6289D6F}.Debug|Any CPU.ActiveCfg = Debug|Any CPU
		{7A66484E-4898-40AF-B7EE-FE5DE6289D6F}.Debug|Any CPU.Build.0 = Debug|Any CPU
		{7A66484E-4898-40AF-B7EE-FE5DE6289D6F}.Debug|Mixed Platforms.ActiveCfg = Debug|Any CPU
		{7A66484E-4898-40AF-B7EE-FE5DE6289D6F}.Debug|x86.ActiveCfg = Debug|Any CPU
		{7A66484E-4898-40AF-B7EE-FE5DE6289D6F}.Release|Any CPU.ActiveCfg = Release|Any CPU
		{7A66484E-4898-40AF-B7EE-FE5DE6289D6F}.Release|Any CPU.Build.0 = Release|Any CPU
		{7A66484E-4898-40AF-B7EE-FE5DE6289D6F}.Release|Mixed Platforms.ActiveCfg = Release|Any CPU
		{7A66484E-4898-40AF-B7EE-FE5DE6289D6F}.Release|x86.ActiveCfg = Release|Any CPU
		{FA93445A-088A-4D35-82A5-19DA79B76281}.Debug|Any CPU.ActiveCfg = Debug|Any CPU
		{FA93445A-088A-4D35-82A5-19DA79B76281}.Debug|Any CPU.Build.0 = Debug|Any CPU
		{FA93445A-088A-4D35-82A5-19DA79B76281}.Debug|Mixed Platforms.ActiveCfg = Debug|Any CPU
		{FA93445A-088A-4D35-82A5-19DA79B76281}.Debug|Mixed Platforms.Build.0 = Debug|Any CPU
		{FA93445A-088A-4D35-82A5-19DA79B76281}.Debug|x86.ActiveCfg = Debug|Any CPU
		{FA93445A-088A-4D35-82A5-19DA79B76281}.Release|Any CPU.ActiveCfg = Release|Any CPU
		{FA93445A-088A-4D35-82A5-19DA79B76281}.Release|Any CPU.Build.0 = Release|Any CPU
		{FA93445A-088A-4D35-82A5-19DA79B76281}.Release|Mixed Platforms.ActiveCfg = Release|Any CPU
		{FA93445A-088A-4D35-82A5-19DA79B76281}.Release|Mixed Platforms.Build.0 = Release|Any CPU
		{FA93445A-088A-4D35-82A5-19DA79B76281}.Release|x86.ActiveCfg = Release|Any CPU
		{F66BA572-1C99-4616-9D62-AB209E36D5C9}.Debug|Any CPU.ActiveCfg = Debug|Any CPU
		{F66BA572-1C99-4616-9D62-AB209E36D5C9}.Debug|Any CPU.Build.0 = Debug|Any CPU
		{F66BA572-1C99-4616-9D62-AB209E36D5C9}.Debug|Mixed Platforms.ActiveCfg = Debug|Any CPU
		{F66BA572-1C99-4616-9D62-AB209E36D5C9}.Debug|Mixed Platforms.Build.0 = Debug|Any CPU
		{F66BA572-1C99-4616-9D62-AB209E36D5C9}.Debug|x86.ActiveCfg = Debug|Any CPU
		{F66BA572-1C99-4616-9D62-AB209E36D5C9}.Release|Any CPU.ActiveCfg = Release|Any CPU
		{F66BA572-1C99-4616-9D62-AB209E36D5C9}.Release|Any CPU.Build.0 = Release|Any CPU
		{F66BA572-1C99-4616-9D62-AB209E36D5C9}.Release|Mixed Platforms.ActiveCfg = Release|Any CPU
		{F66BA572-1C99-4616-9D62-AB209E36D5C9}.Release|Mixed Platforms.Build.0 = Release|Any CPU
		{F66BA572-1C99-4616-9D62-AB209E36D5C9}.Release|x86.ActiveCfg = Release|Any CPU
		{428DB588-80CB-47FF-BDDE-D8739CCCD8EC}.Debug|Any CPU.ActiveCfg = Debug|Any CPU
		{428DB588-80CB-47FF-BDDE-D8739CCCD8EC}.Debug|Any CPU.Build.0 = Debug|Any CPU
		{428DB588-80CB-47FF-BDDE-D8739CCCD8EC}.Debug|Mixed Platforms.ActiveCfg = Debug|Any CPU
		{428DB588-80CB-47FF-BDDE-D8739CCCD8EC}.Debug|Mixed Platforms.Build.0 = Debug|Any CPU
		{428DB588-80CB-47FF-BDDE-D8739CCCD8EC}.Debug|x86.ActiveCfg = Debug|Any CPU
		{428DB588-80CB-47FF-BDDE-D8739CCCD8EC}.Release|Any CPU.ActiveCfg = Release|Any CPU
		{428DB588-80CB-47FF-BDDE-D8739CCCD8EC}.Release|Any CPU.Build.0 = Release|Any CPU
		{428DB588-80CB-47FF-BDDE-D8739CCCD8EC}.Release|Mixed Platforms.ActiveCfg = Release|Any CPU
		{428DB588-80CB-47FF-BDDE-D8739CCCD8EC}.Release|Mixed Platforms.Build.0 = Release|Any CPU
		{428DB588-80CB-47FF-BDDE-D8739CCCD8EC}.Release|x86.ActiveCfg = Release|Any CPU
		{24B51895-5956-4669-B874-8FF711DD2905}.Debug|Any CPU.ActiveCfg = Debug|Any CPU
		{24B51895-5956-4669-B874-8FF711DD2905}.Debug|Any CPU.Build.0 = Debug|Any CPU
		{24B51895-5956-4669-B874-8FF711DD2905}.Debug|Mixed Platforms.ActiveCfg = Debug|Any CPU
		{24B51895-5956-4669-B874-8FF711DD2905}.Debug|Mixed Platforms.Build.0 = Debug|Any CPU
		{24B51895-5956-4669-B874-8FF711DD2905}.Debug|x86.ActiveCfg = Debug|Any CPU
		{24B51895-5956-4669-B874-8FF711DD2905}.Release|Any CPU.ActiveCfg = Release|Any CPU
		{24B51895-5956-4669-B874-8FF711DD2905}.Release|Any CPU.Build.0 = Release|Any CPU
		{24B51895-5956-4669-B874-8FF711DD2905}.Release|Mixed Platforms.ActiveCfg = Release|Any CPU
		{24B51895-5956-4669-B874-8FF711DD2905}.Release|Mixed Platforms.Build.0 = Release|Any CPU
		{24B51895-5956-4669-B874-8FF711DD2905}.Release|x86.ActiveCfg = Release|Any CPU
		{CC481CDF-5CBB-4C66-BCBC-24B010D199D2}.Debug|Any CPU.ActiveCfg = Debug|Any CPU
		{CC481CDF-5CBB-4C66-BCBC-24B010D199D2}.Debug|Any CPU.Build.0 = Debug|Any CPU
		{CC481CDF-5CBB-4C66-BCBC-24B010D199D2}.Debug|Mixed Platforms.ActiveCfg = Debug|Any CPU
		{CC481CDF-5CBB-4C66-BCBC-24B010D199D2}.Debug|Mixed Platforms.Build.0 = Debug|Any CPU
		{CC481CDF-5CBB-4C66-BCBC-24B010D199D2}.Debug|x86.ActiveCfg = Debug|Any CPU
		{CC481CDF-5CBB-4C66-BCBC-24B010D199D2}.Release|Any CPU.ActiveCfg = Release|Any CPU
		{CC481CDF-5CBB-4C66-BCBC-24B010D199D2}.Release|Any CPU.Build.0 = Release|Any CPU
		{CC481CDF-5CBB-4C66-BCBC-24B010D199D2}.Release|Mixed Platforms.ActiveCfg = Release|Any CPU
		{CC481CDF-5CBB-4C66-BCBC-24B010D199D2}.Release|Mixed Platforms.Build.0 = Release|Any CPU
		{CC481CDF-5CBB-4C66-BCBC-24B010D199D2}.Release|x86.ActiveCfg = Release|Any CPU
		{EB8FCFF7-5F8E-4A8A-AD1D-76814FF13111}.Debug|Any CPU.ActiveCfg = Debug|Any CPU
		{EB8FCFF7-5F8E-4A8A-AD1D-76814FF13111}.Debug|Any CPU.Build.0 = Debug|Any CPU
		{EB8FCFF7-5F8E-4A8A-AD1D-76814FF13111}.Debug|Mixed Platforms.ActiveCfg = Debug|Any CPU
		{EB8FCFF7-5F8E-4A8A-AD1D-76814FF13111}.Debug|Mixed Platforms.Build.0 = Debug|Any CPU
		{EB8FCFF7-5F8E-4A8A-AD1D-76814FF13111}.Debug|x86.ActiveCfg = Debug|Any CPU
		{EB8FCFF7-5F8E-4A8A-AD1D-76814FF13111}.Release|Any CPU.ActiveCfg = Release|Any CPU
		{EB8FCFF7-5F8E-4A8A-AD1D-76814FF13111}.Release|Any CPU.Build.0 = Release|Any CPU
		{EB8FCFF7-5F8E-4A8A-AD1D-76814FF13111}.Release|Mixed Platforms.ActiveCfg = Release|Any CPU
		{EB8FCFF7-5F8E-4A8A-AD1D-76814FF13111}.Release|Mixed Platforms.Build.0 = Release|Any CPU
		{EB8FCFF7-5F8E-4A8A-AD1D-76814FF13111}.Release|x86.ActiveCfg = Release|Any CPU
		{8F5582F4-1EAD-4FE3-990D-36D18FA234D8}.Debug|Any CPU.ActiveCfg = Debug|Any CPU
		{8F5582F4-1EAD-4FE3-990D-36D18FA234D8}.Debug|Any CPU.Build.0 = Debug|Any CPU
		{8F5582F4-1EAD-4FE3-990D-36D18FA234D8}.Debug|Mixed Platforms.ActiveCfg = Debug|Any CPU
		{8F5582F4-1EAD-4FE3-990D-36D18FA234D8}.Debug|Mixed Platforms.Build.0 = Debug|Any CPU
		{8F5582F4-1EAD-4FE3-990D-36D18FA234D8}.Debug|x86.ActiveCfg = Debug|Any CPU
		{8F5582F4-1EAD-4FE3-990D-36D18FA234D8}.Release|Any CPU.ActiveCfg = Release|Any CPU
		{8F5582F4-1EAD-4FE3-990D-36D18FA234D8}.Release|Any CPU.Build.0 = Release|Any CPU
		{8F5582F4-1EAD-4FE3-990D-36D18FA234D8}.Release|Mixed Platforms.ActiveCfg = Release|Any CPU
		{8F5582F4-1EAD-4FE3-990D-36D18FA234D8}.Release|Mixed Platforms.Build.0 = Release|Any CPU
		{8F5582F4-1EAD-4FE3-990D-36D18FA234D8}.Release|x86.ActiveCfg = Release|Any CPU
	EndGlobalSection
	GlobalSection(SolutionProperties) = preSolution
		HideSolutionNode = FALSE
	EndGlobalSection
	GlobalSection(NestedProjects) = preSolution
		{4A5BEECC-CC94-4EAB-85F4-D0A8DE499396} = {6394CFF5-CA05-4688-98F0-1D4239B59958}
		{90230B74-310D-49A6-B1C9-454F26115CFF} = {6394CFF5-CA05-4688-98F0-1D4239B59958}
		{078CDB8A-2564-426D-B4E1-CCE7F4D93258} = {6394CFF5-CA05-4688-98F0-1D4239B59958}
		{1194416E-3F0E-454E-86C5-274A8D4729B0} = {A817E7FB-CB51-4026-A997-C4604725B399}
		{3FC73EC0-3AE5-48CE-A684-7414EBA07310} = {A817E7FB-CB51-4026-A997-C4604725B399}
		{3CA9D781-6E4C-4437-A766-146C59520471} = {A817E7FB-CB51-4026-A997-C4604725B399}
		{FA93445A-088A-4D35-82A5-19DA79B76281} = {4A5BEECC-CC94-4EAB-85F4-D0A8DE499396}
		{428DB588-80CB-47FF-BDDE-D8739CCCD8EC} = {4A5BEECC-CC94-4EAB-85F4-D0A8DE499396}
		{EB8FCFF7-5F8E-4A8A-AD1D-76814FF13111} = {4A5BEECC-CC94-4EAB-85F4-D0A8DE499396}
		{8F5582F4-1EAD-4FE3-990D-36D18FA234D8} = {4A5BEECC-CC94-4EAB-85F4-D0A8DE499396}
		{23ABE4BB-D905-4667-B2F4-8B5C2F00CE76} = {90230B74-310D-49A6-B1C9-454F26115CFF}
		{24B51895-5956-4669-B874-8FF711DD2905} = {90230B74-310D-49A6-B1C9-454F26115CFF}
		{CC481CDF-5CBB-4C66-BCBC-24B010D199D2} = {90230B74-310D-49A6-B1C9-454F26115CFF}
		{6ADE1893-7A2A-49B7-8548-1917B7340B70} = {90230B74-310D-49A6-B1C9-454F26115CFF}
		{7A66484E-4898-40AF-B7EE-FE5DE6289D6F} = {3FC73EC0-3AE5-48CE-A684-7414EBA07310}
		{F66BA572-1C99-4616-9D62-AB209E36D5C9} = {078CDB8A-2564-426D-B4E1-CCE7F4D93258}
	EndGlobalSection
EndGlobal
