
Microsoft Visual Studio Solution File, Format Version 12.00
# Visual Studio 2013
VisualStudioVersion = 12.0.20617.1 PREVIEW
MinimumVisualStudioVersion = 10.0.40219.1
Project("{2150E333-8FDC-42A3-9474-1A3956D46DE8}") = "Admin", "Admin", "{6394CFF5-CA05-4688-98F0-1D4239B59958}"
EndProject
Project("{2150E333-8FDC-42A3-9474-1A3956D46DE8}") = "Public", "Public", "{A817E7FB-CB51-4026-A997-C4604725B399}"
EndProject
Project("{2150E333-8FDC-42A3-9474-1A3956D46DE8}") = "Infrastructure", "Infrastructure", "{4A5BEECC-CC94-4EAB-85F4-D0A8DE499396}"
EndProject
Project("{2150E333-8FDC-42A3-9474-1A3956D46DE8}") = "UI", "UI", "{90230B74-310D-49A6-B1C9-454F26115CFF}"
EndProject
Project("{2150E333-8FDC-42A3-9474-1A3956D46DE8}") = "Infrastructure", "Infrastructure", "{1194416E-3F0E-454E-86C5-274A8D4729B0}"
EndProject
Project("{2150E333-8FDC-42A3-9474-1A3956D46DE8}") = "UI", "UI", "{3FC73EC0-3AE5-48CE-A684-7414EBA07310}"
EndProject
Project("{2150E333-8FDC-42A3-9474-1A3956D46DE8}") = "Tests", "Tests", "{078CDB8A-2564-426D-B4E1-CCE7F4D93258}"
EndProject
Project("{2150E333-8FDC-42A3-9474-1A3956D46DE8}") = "Tests", "Tests", "{3CA9D781-6E4C-4437-A766-146C59520471}"
EndProject
Project("{FAE04EC0-301F-11D3-BF4B-00C04F79EFBC}") = "DataAccess", "DataAccess\DataAccess.csproj", "{8D5C7A3D-751A-4EB5-A401-030564C2B4AB}"
EndProject
Project("{FAE04EC0-301F-11D3-BF4B-00C04F79EFBC}") = "AdminPanelUI", "AdminPanelUI\AdminPanelUI.csproj", "{23ABE4BB-D905-4667-B2F4-8B5C2F00CE76}"
EndProject
Project("{FAE04EC0-301F-11D3-BF4B-00C04F79EFBC}") = "PublicUI", "PublicUI\PublicUI.csproj", "{FC98BFDC-4192-46B3-9DB6-983329E005AA}"
EndProject
Project("{FAE04EC0-301F-11D3-BF4B-00C04F79EFBC}") = "NetworkModel", "NetworkModel\NetworkModel.csproj", "{7EF17487-1F73-44BC-B5D3-150E181965FA}"
EndProject
Project("{FAE04EC0-301F-11D3-BF4B-00C04F79EFBC}") = "NetworkModelTests", "NetworkModelTests\NetworkModelTests.csproj", "{4625CE4B-9D61-4277-90A1-121C1F291CC1}"
EndProject
Project("{FAE04EC0-301F-11D3-BF4B-00C04F79EFBC}") = "Tester", "Tester\Tester.csproj", "{F66BA572-1C99-4616-9D62-AB209E36D5C9}"
EndProject
Global
	GlobalSection(SolutionConfigurationPlatforms) = preSolution
		Debug|Any CPU = Debug|Any CPU
		Release|Any CPU = Release|Any CPU
	EndGlobalSection
	GlobalSection(ProjectConfigurationPlatforms) = postSolution
		{8D5C7A3D-751A-4EB5-A401-030564C2B4AB}.Debug|Any CPU.ActiveCfg = Debug|Any CPU
		{8D5C7A3D-751A-4EB5-A401-030564C2B4AB}.Debug|Any CPU.Build.0 = Debug|Any CPU
		{8D5C7A3D-751A-4EB5-A401-030564C2B4AB}.Release|Any CPU.ActiveCfg = Release|Any CPU
		{8D5C7A3D-751A-4EB5-A401-030564C2B4AB}.Release|Any CPU.Build.0 = Release|Any CPU
		{23ABE4BB-D905-4667-B2F4-8B5C2F00CE76}.Debug|Any CPU.ActiveCfg = Debug|Any CPU
		{23ABE4BB-D905-4667-B2F4-8B5C2F00CE76}.Debug|Any CPU.Build.0 = Debug|Any CPU
		{23ABE4BB-D905-4667-B2F4-8B5C2F00CE76}.Release|Any CPU.ActiveCfg = Release|Any CPU
		{23ABE4BB-D905-4667-B2F4-8B5C2F00CE76}.Release|Any CPU.Build.0 = Release|Any CPU
		{FC98BFDC-4192-46B3-9DB6-983329E005AA}.Debug|Any CPU.ActiveCfg = Debug|Any CPU
		{FC98BFDC-4192-46B3-9DB6-983329E005AA}.Debug|Any CPU.Build.0 = Debug|Any CPU
		{FC98BFDC-4192-46B3-9DB6-983329E005AA}.Release|Any CPU.ActiveCfg = Release|Any CPU
		{FC98BFDC-4192-46B3-9DB6-983329E005AA}.Release|Any CPU.Build.0 = Release|Any CPU
		{7EF17487-1F73-44BC-B5D3-150E181965FA}.Debug|Any CPU.ActiveCfg = Debug|Any CPU
		{7EF17487-1F73-44BC-B5D3-150E181965FA}.Debug|Any CPU.Build.0 = Debug|Any CPU
		{7EF17487-1F73-44BC-B5D3-150E181965FA}.Release|Any CPU.ActiveCfg = Release|Any CPU
		{7EF17487-1F73-44BC-B5D3-150E181965FA}.Release|Any CPU.Build.0 = Release|Any CPU
		{4625CE4B-9D61-4277-90A1-121C1F291CC1}.Debug|Any CPU.ActiveCfg = Debug|Any CPU
		{4625CE4B-9D61-4277-90A1-121C1F291CC1}.Debug|Any CPU.Build.0 = Debug|Any CPU
		{4625CE4B-9D61-4277-90A1-121C1F291CC1}.Release|Any CPU.ActiveCfg = Release|Any CPU
		{4625CE4B-9D61-4277-90A1-121C1F291CC1}.Release|Any CPU.Build.0 = Release|Any CPU
		{F66BA572-1C99-4616-9D62-AB209E36D5C9}.Debug|Any CPU.ActiveCfg = Debug|Any CPU
		{F66BA572-1C99-4616-9D62-AB209E36D5C9}.Debug|Any CPU.Build.0 = Debug|Any CPU
		{F66BA572-1C99-4616-9D62-AB209E36D5C9}.Release|Any CPU.ActiveCfg = Release|Any CPU
		{F66BA572-1C99-4616-9D62-AB209E36D5C9}.Release|Any CPU.Build.0 = Release|Any CPU
	EndGlobalSection
	GlobalSection(SolutionProperties) = preSolution
		HideSolutionNode = FALSE
	EndGlobalSection
	GlobalSection(NestedProjects) = preSolution
		{4A5BEECC-CC94-4EAB-85F4-D0A8DE499396} = {6394CFF5-CA05-4688-98F0-1D4239B59958}
		{90230B74-310D-49A6-B1C9-454F26115CFF} = {6394CFF5-CA05-4688-98F0-1D4239B59958}
		{078CDB8A-2564-426D-B4E1-CCE7F4D93258} = {6394CFF5-CA05-4688-98F0-1D4239B59958}
		{1194416E-3F0E-454E-86C5-274A8D4729B0} = {A817E7FB-CB51-4026-A997-C4604725B399}
		{3FC73EC0-3AE5-48CE-A684-7414EBA07310} = {A817E7FB-CB51-4026-A997-C4604725B399}
		{3CA9D781-6E4C-4437-A766-146C59520471} = {A817E7FB-CB51-4026-A997-C4604725B399}
		{8D5C7A3D-751A-4EB5-A401-030564C2B4AB} = {4A5BEECC-CC94-4EAB-85F4-D0A8DE499396}
		{7EF17487-1F73-44BC-B5D3-150E181965FA} = {4A5BEECC-CC94-4EAB-85F4-D0A8DE499396}
		{23ABE4BB-D905-4667-B2F4-8B5C2F00CE76} = {90230B74-310D-49A6-B1C9-454F26115CFF}
		{FC98BFDC-4192-46B3-9DB6-983329E005AA} = {3FC73EC0-3AE5-48CE-A684-7414EBA07310}
		{4625CE4B-9D61-4277-90A1-121C1F291CC1} = {078CDB8A-2564-426D-B4E1-CCE7F4D93258}
		{F66BA572-1C99-4616-9D62-AB209E36D5C9} = {078CDB8A-2564-426D-B4E1-CCE7F4D93258}
	EndGlobalSection
EndGlobal
